
Microsoft Visual Studio Solution File, Format Version 12.00
# Visual Studio 15
VisualStudioVersion = 15.0.26430.14
MinimumVisualStudioVersion = 10.0.40219.1
Project("{9A19103F-16F7-4668-BE54-9A1E7A4F7556}") = "HttpClientService", "HttpClientService\HttpClientService.csproj", "{39DE6CB6-1232-4E54-8312-8B108660804C}"
EndProject
Project("{9A19103F-16F7-4668-BE54-9A1E7A4F7556}") = "ConsoleApp1", "ConsoleApp1\ConsoleApp1.csproj", "{F1DD8919-9E81-4ABC-92D4-B1826EB9CBE5}"
EndProject
Project("{2150E333-8FDC-42A3-9474-1A3956D46DE8}") = "Solution Items", "Solution Items", "{E35FC202-1A4C-463E-8B76-B405793BD506}"
	ProjectSection(SolutionItems) = preProject
		Readme.md = Readme.md
	EndProjectSection
EndProject
Global
	GlobalSection(SolutionConfigurationPlatforms) = preSolution
		Debug|Any CPU = Debug|Any CPU
		Release|Any CPU = Release|Any CPU
	EndGlobalSection
	GlobalSection(ProjectConfigurationPlatforms) = postSolution
		{39DE6CB6-1232-4E54-8312-8B108660804C}.Debug|Any CPU.ActiveCfg = Debug|Any CPU
		{39DE6CB6-1232-4E54-8312-8B108660804C}.Debug|Any CPU.Build.0 = Debug|Any CPU
		{39DE6CB6-1232-4E54-8312-8B108660804C}.Release|Any CPU.ActiveCfg = Release|Any CPU
		{39DE6CB6-1232-4E54-8312-8B108660804C}.Release|Any CPU.Build.0 = Release|Any CPU
		{F1DD8919-9E81-4ABC-92D4-B1826EB9CBE5}.Debug|Any CPU.ActiveCfg = Debug|Any CPU
		{F1DD8919-9E81-4ABC-92D4-B1826EB9CBE5}.Debug|Any CPU.Build.0 = Debug|Any CPU
		{F1DD8919-9E81-4ABC-92D4-B1826EB9CBE5}.Release|Any CPU.ActiveCfg = Release|Any CPU
		{F1DD8919-9E81-4ABC-92D4-B1826EB9CBE5}.Release|Any CPU.Build.0 = Release|Any CPU
	EndGlobalSection
	GlobalSection(SolutionProperties) = preSolution
		HideSolutionNode = FALSE
	EndGlobalSection
	GlobalSection(ExtensibilityGlobals) = postSolution
		SolutionGuid = {1F935E38-5928-4613-A349-2F15E14A413C}
	EndGlobalSection
EndGlobal
